
Microsoft Visual Studio Solution File, Format Version 12.00
# Visual Studio Version 17
VisualStudioVersion = 17.9.34622.214
MinimumVisualStudioVersion = 10.0.40219.1
Project("{FAE04EC0-301F-11D3-BF4B-00C04F79EFBC}") = "C#study20250222", "C#study20250222.csproj", "{5C019CA6-9480-4374-B314-723FF18E91FE}"
EndProject
Global
	GlobalSection(SolutionConfigurationPlatforms) = preSolution
		Debug|Any CPU = Debug|Any CPU
		Release|Any CPU = Release|Any CPU
	EndGlobalSection
	GlobalSection(ProjectConfigurationPlatforms) = postSolution
		{5C019CA6-9480-4374-B314-723FF18E91FE}.Debug|Any CPU.ActiveCfg = Debug|Any CPU
		{5C019CA6-9480-4374-B314-723FF18E91FE}.Debug|Any CPU.Build.0 = Debug|Any CPU
		{5C019CA6-9480-4374-B314-723FF18E91FE}.Release|Any CPU.ActiveCfg = Release|Any CPU
		{5C019CA6-9480-4374-B314-723FF18E91FE}.Release|Any CPU.Build.0 = Release|Any CPU
	EndGlobalSection
	GlobalSection(SolutionProperties) = preSolution
		HideSolutionNode = FALSE
	EndGlobalSection
	GlobalSection(ExtensibilityGlobals) = postSolution
		SolutionGuid = {E0968B30-501D-450E-A860-2AE484A2F375}
	EndGlobalSection
EndGlobal
